Microsoft Visual Studio Solution File, Format Version 12.00
# Visual Studio Version 17
VisualStudioVersion = 17.5.2.0
MinimumVisualStudioVersion = 10.0.40219.1
Project("{2150E333-8FDC-42A3-9474-1A3956D46DE8}") = "src", "src", "{827E0CD3-B72D-47B6-A68D-7590B98EB39B}"
EndProject
Project("{FAE04EC0-301F-11D3-BF4B-00C04F79EFBC}") = "agnestha-atelier.api", "src\agnestha-atelier.api\agnestha-atelier.api.csproj", "{F811A1F7-35F9-4E23-B370-F51B29080D8B}"
EndProject
Global
	GlobalSection(SolutionConfigurationPlatforms) = preSolution
		Debug|Any CPU = Debug|Any CPU
		Release|Any CPU = Release|Any CPU
	EndGlobalSection
	GlobalSection(ProjectConfigurationPlatforms) = postSolution
		{C417A580-C446-DBE3-7DE5-FB5938C2FBC1}.Debug|Any CPU.ActiveCfg = Debug|Any CPU
		{C417A580-C446-DBE3-7DE5-FB5938C2FBC1}.Debug|Any CPU.Build.0 = Debug|Any CPU
		{C417A580-C446-DBE3-7DE5-FB5938C2FBC1}.Release|Any CPU.ActiveCfg = Release|Any CPU
		{C417A580-C446-DBE3-7DE5-FB5938C2FBC1}.Release|Any CPU.Build.0 = Release|Any CPU
		{689E568B-5BA8-4BC7-9499-4D69EFF1E93D}.Debug|Any CPU.ActiveCfg = Debug|Any CPU
		{689E568B-5BA8-4BC7-9499-4D69EFF1E93D}.Debug|Any CPU.Build.0 = Debug|Any CPU
		{689E568B-5BA8-4BC7-9499-4D69EFF1E93D}.Release|Any CPU.ActiveCfg = Release|Any CPU
		{689E568B-5BA8-4BC7-9499-4D69EFF1E93D}.Release|Any CPU.Build.0 = Release|Any CPU
		{900B88CB-F2F4-4332-822C-61F3178B6ABE}.Debug|Any CPU.ActiveCfg = Debug|Any CPU
		{900B88CB-F2F4-4332-822C-61F3178B6ABE}.Debug|Any CPU.Build.0 = Debug|Any CPU
		{900B88CB-F2F4-4332-822C-61F3178B6ABE}.Release|Any CPU.ActiveCfg = Release|Any CPU
		{900B88CB-F2F4-4332-822C-61F3178B6ABE}.Release|Any CPU.Build.0 = Release|Any CPU
		{F811A1F7-35F9-4E23-B370-F51B29080D8B}.Debug|Any CPU.ActiveCfg = Debug|Any CPU
		{F811A1F7-35F9-4E23-B370-F51B29080D8B}.Debug|Any CPU.Build.0 = Debug|Any CPU
		{F811A1F7-35F9-4E23-B370-F51B29080D8B}.Release|Any CPU.ActiveCfg = Release|Any CPU
		{F811A1F7-35F9-4E23-B370-F51B29080D8B}.Release|Any CPU.Build.0 = Release|Any CPU
	EndGlobalSection
	GlobalSection(SolutionProperties) = preSolution
		HideSolutionNode = FALSE
	EndGlobalSection
	GlobalSection(NestedProjects) = preSolution
		{F811A1F7-35F9-4E23-B370-F51B29080D8B} = {827E0CD3-B72D-47B6-A68D-7590B98EB39B}
	EndGlobalSection
	GlobalSection(ExtensibilityGlobals) = postSolution
		SolutionGuid = {04A3FA1C-25AA-428C-86B3-0E1278DC6902}
	EndGlobalSection
EndGlobal
